<Solution>
  <Folder Name="/Task0/">
    <Project Path="Tyuiu.StryzhakMA.Sprint1.Task0.V1.Lib/Tyuiu.StryzhakMA.Sprint1.Task0.V1.Lib.csproj" />
    <Project Path="Tyuiu.StryzhakMA.Sprint1.Task0.V1.Test/Tyuiu.StryzhakMA.Sprint1.Task0.V1.Test.csproj" />
    <Project Path="Tyuiu.StryzhakMA.Sprint1.Task0.V1/Tyuiu.StryzhakMA.Sprint1.Task0.V1.csproj" />
  </Folder>
  <Folder Name="/Task1/">
    <Project Path="Tyuiu.StryzhakMA.Sprint1.Task1.V18.Lib/Tyuiu.StryzhakMA.Sprint1.Task1.V18.Lib.csproj" />
    <Project Path="Tyuiu.StryzhakMA.Sprint1.Task1.V18.Test/Tyuiu.StryzhakMA.Sprint1.Task1.V18.Test.csproj" />
    <Project Path="Tyuiu.StryzhakMA.Sprint1.Task1.V18/Tyuiu.StryzhakMA.Sprint1.Task1.V18.csproj" />
  </Folder>
  <Folder Name="/Task2/">
    <Project Path="Tyuiu.StryzhakMA.Sprint1.Task2.V27.Lib/Tyuiu.StryzhakMA.Sprint1.Task2.V27.Lib.csproj" />
    <Project Path="Tyuiu.StryzhakMA.Sprint1.Task2.V27.Test/Tyuiu.StryzhakMA.Sprint1.Task2.V27.Test.csproj" />
    <Project Path="Tyuiu.StryzhakMA.Sprint1.Task2.V27/Tyuiu.StryzhakMA.Sprint1.Task2.V27.csproj" />
  </Folder>
  <Folder Name="/Task3/">
    <Project Path="Tyuiu.StryzhakMA.Sprint1.Task3.V19.Lib/Tyuiu.StryzhakMA.Sprint1.Task3.V19.Lib.csproj" />
    <Project Path="Tyuiu.StryzhakMA.Sprint1.Task3.V19.Test/Tyuiu.StryzhakMA.Sprint1.Task3.V19.Test.csproj" />
    <Project Path="Tyuiu.StryzhakMA.Sprint1.Task3.V19/Tyuiu.StryzhakMA.Sprint1.Task3.V19.csproj" />
  </Folder>
  <Folder Name="/Task4/">
    <Project Path="Tyuiu.StryzhakMA.Sprint1.Task4.V1.Lib/Tyuiu.StryzhakMA.Sprint1.Task4.V1.Lib.csproj" />
    <Project Path="Tyuiu.StryzhakMA.Sprint1.Task4.V1.Test/Tyuiu.StryzhakMA.Sprint1.Task4.V1.Test.csproj" />
    <Project Path="Tyuiu.StryzhakMA.Sprint1.Task4.V1/Tyuiu.StryzhakMA.Sprint1.Task4.V1.csproj" />
  </Folder>
  <Folder Name="/Task5/">
    <Project Path="Tyuiu.StryzhakMA.Sprint1.Task5.V6.Lib/Tyuiu.StryzhakMA.Sprint1.Task5.V6.Lib.csproj" />
    <Project Path="Tyuiu.StryzhakMA.Sprint1.Task5.V6.Test/Tyuiu.StryzhakMA.Sprint1.Task5.V6.Test.csproj" />
    <Project Path="Tyuiu.StryzhakMA.Sprint1.Task5.V6/Tyuiu.StryzhakMA.Sprint1.Task5.V6.csproj" />
  </Folder>
</Solution>
