<Solution>
  <Folder Name="/Task0/">
    <Project Path="Tyuiu.StryzhakMA.Sprint1.Task0.V1.Lib/Tyuiu.StryzhakMA.Sprint1.Task0.V1.Lib.csproj" />
    <Project Path="Tyuiu.StryzhakMA.Sprint1.Task0.V1.Test/Tyuiu.StryzhakMA.Sprint1.Task0.V1.Test.csproj" />
    <Project Path="Tyuiu.StryzhakMA.Sprint1.Task0.V1/Tyuiu.StryzhakMA.Sprint1.Task0.V1.csproj" />
  </Folder>
  <Folder Name="/Task1/">
    <Project Path="Tyuiu.StryzhakMA.Sprint1.Task1.V18.Lib/Tyuiu.StryzhakMA.Sprint1.Task1.V18.Lib.csproj" />
    <Project Path="Tyuiu.StryzhakMA.Sprint1.Task1.V18.Test/Tyuiu.StryzhakMA.Sprint1.Task1.V18.Test.csproj" />
    <Project Path="Tyuiu.StryzhakMA.Sprint1.Task1.V18/Tyuiu.StryzhakMA.Sprint1.Task1.V18.csproj" />
  </Folder>
</Solution>
